// !$*UTF8*$!
{
	archiveVersion = 1;
	classes = {
	};
	objectVersion = 77;
	objects = {

/* Begin PBXContainerItemProxy section */
		9088AACD2CC10A7600E8A9CE /* PBXContainerItemProxy */ = {
			isa = PBXContainerItemProxy;
			containerPortal = 9088AAB42CC10A7500E8A9CE /* Project object */;
			proxyType = 1;
			remoteGlobalIDString = 9088AABB2CC10A7500E8A9CE;
			remoteInfo = recipe1;
		};
		9088AAD72CC10A7600E8A9CE /* PBXContainerItemProxy */ = {
			isa = PBXContainerItemProxy;
			containerPortal = 9088AAB42CC10A7500E8A9CE /* Project object */;
			proxyType = 1;
			remoteGlobalIDString = 9088AABB2CC10A7500E8A9CE;
			remoteInfo = recipe1;
		};
/* End PBXContainerItemProxy section */

/* Begin PBXFileReference section */
		9088AABC2CC10A7500E8A9CE /* recipe1.app */ = {isa = PBXFileReference; explicitFileType = wrapper.application; includeInIndex = 0; path = recipe1.app; sourceTree = BUILT_PRODUCTS_DIR; };
		9088AACC2CC10A7600E8A9CE /* recipe1Tests.xctest */ = {isa = PBXFileReference; explicitFileType = wrapper.cfbundle; includeInIndex = 0; path = recipe1Tests.xctest; sourceTree = BUILT_PRODUCTS_DIR; };
		9088AAD62CC10A7600E8A9CE /* recipe1UITests.xctest */ = {isa = PBXFileReference; explicitFileType = wrapper.cfbundle; includeInIndex = 0; path = recipe1UITests.xctest; sourceTree = BUILT_PRODUCTS_DIR; };
/* End PBXFileReference section */

/* Begin PBXFileSystemSynchronizedRootGroup section */
		9088AABE2CC10A7500E8A9CE /* recipe1 */ = {
			isa = PBXFileSystemSynchronizedRootGroup;
			path = recipe1;
			sourceTree = "<group>";
		};
		9088AACF2CC10A7600E8A9CE /* recipe1Tests */ = {
			isa = PBXFileSystemSynchronizedRootGroup;
			path = recipe1Tests;
			sourceTree = "<group>";
		};
		9088AAD92CC10A7600E8A9CE /* recipe1UITests */ = {
			isa = PBXFileSystemSynchronizedRootGroup;
			path = recipe1UITests;
			sourceTree = "<group>";
		};
/* End PBXFileSystemSynchronizedRootGroup section */

/* Begin PBXFrameworksBuildPhase section */
		9088AAB92CC10A7500E8A9CE /* Frameworks */ = {
			isa = PBXFrameworksBuildPhase;
			buildActionMask = 2147483647;
			files = (
			);
			runOnlyForDeploymentPostprocessing = 0;
		};
		9088AAC92CC10A7600E8A9CE /* Frameworks */ = {
			isa = PBXFrameworksBuildPhase;
			buildActionMask = 2147483647;
			files = (
			);
			runOnlyForDeploymentPostprocessing = 0;
		};
		9088AAD32CC10A7600E8A9CE /* Frameworks */ = {
			isa = PBXFrameworksBuildPhase;
			buildActionMask = 2147483647;
			files = (
			);
			runOnlyForDeploymentPostprocessing = 0;
		};
/* End PBXFrameworksBuildPhase section */

/* Begin PBXGroup section */
		9088AAB32CC10A7500E8A9CE = {
			isa = PBXGroup;
			children = (
				9088AABE2CC10A7500E8A9CE /* recipe1 */,
				9088AACF2CC10A7600E8A9CE /* recipe1Tests */,
				9088AAD92CC10A7600E8A9CE /* recipe1UITests */,
				9088AABD2CC10A7500E8A9CE /* Products */,
			);
			sourceTree = "<group>";
		};
		9088AABD2CC10A7500E8A9CE /* Products */ = {
			isa = PBXGroup;
			children = (
				9088AABC2CC10A7500E8A9CE /* recipe1.app */,
				9088AACC2CC10A7600E8A9CE /* recipe1Tests.xctest */,
				9088AAD62CC10A7600E8A9CE /* recipe1UITests.xctest */,
			);
			name = Products;
			sourceTree = "<group>";
		};
/* End PBXGroup section */

/* Begin PBXNativeTarget section */
		9088AABB2CC10A7500E8A9CE /* recipe1 */ = {
			isa = PBXNativeTarget;
			buildConfigurationList = 9088AAE02CC10A7600E8A9CE /* Build configuration list for PBXNativeTarget "recipe1" */;
			buildPhases = (
				9088AAB82CC10A7500E8A9CE /* Sources */,
				9088AAB92CC10A7500E8A9CE /* Frameworks */,
				9088AABA2CC10A7500E8A9CE /* Resources */,
			);
			buildRules = (
			);
			dependencies = (
			);
			fileSystemSynchronizedGroups = (
				9088AABE2CC10A7500E8A9CE /* recipe1 */,
			);
			name = recipe1;
			packageProductDependencies = (
			);
			productName = recipe1;
			productReference = 9088AABC2CC10A7500E8A9CE /* recipe1.app */;
			productType = "com.apple.product-type.application";
		};
		9088AACB2CC10A7600E8A9CE /* recipe1Tests */ = {
			isa = PBXNativeTarget;
			buildConfigurationList = 9088AAE32CC10A7600E8A9CE /* Build configuration list for PBXNativeTarget "recipe1Tests" */;
			buildPhases = (
				9088AAC82CC10A7600E8A9CE /* Sources */,
				9088AAC92CC10A7600E8A9CE /* Frameworks */,
				9088AACA2CC10A7600E8A9CE /* Resources */,
			);
			buildRules = (
			);
			dependencies = (
				9088AACE2CC10A7600E8A9CE /* PBXTargetDependency */,
			);
			fileSystemSynchronizedGroups = (
				9088AACF2CC10A7600E8A9CE /* recipe1Tests */,
			);
			name = recipe1Tests;
			packageProductDependencies = (
			);
			productName = recipe1Tests;
			productReference = 9088AACC2CC10A7600E8A9CE /* recipe1Tests.xctest */;
			productType = "com.apple.product-type.bundle.unit-test";
		};
		9088AAD52CC10A7600E8A9CE /* recipe1UITests */ = {
			isa = PBXNativeTarget;
			buildConfigurationList = 9088AAE62CC10A7600E8A9CE /* Build configuration list for PBXNativeTarget "recipe1UITests" */;
			buildPhases = (
				9088AAD22CC10A7600E8A9CE /* Sources */,
				9088AAD32CC10A7600E8A9CE /* Frameworks */,
				9088AAD42CC10A7600E8A9CE /* Resources */,
			);
			buildRules = (
			);
			dependencies = (
				9088AAD82CC10A7600E8A9CE /* PBXTargetDependency */,
			);
			fileSystemSynchronizedGroups = (
				9088AAD92CC10A7600E8A9CE /* recipe1UITests */,
			);
			name = recipe1UITests;
			packageProductDependencies = (
			);
			productName = recipe1UITests;
			productReference = 9088AAD62CC10A7600E8A9CE /* recipe1UITests.xctest */;
			productType = "com.apple.product-type.bundle.ui-testing";
		};
/* End PBXNativeTarget section */

/* Begin PBXProject section */
		9088AAB42CC10A7500E8A9CE /* Project object */ = {
			isa = PBXProject;
			attributes = {
				BuildIndependentTargetsInParallel = 1;
				LastSwiftUpdateCheck = 1600;
				LastUpgradeCheck = 1600;
				TargetAttributes = {
					9088AABB2CC10A7500E8A9CE = {
						CreatedOnToolsVersion = 16.0;
					};
					9088AACB2CC10A7600E8A9CE = {
						CreatedOnToolsVersion = 16.0;
						TestTargetID = 9088AABB2CC10A7500E8A9CE;
					};
					9088AAD52CC10A7600E8A9CE = {
						CreatedOnToolsVersion = 16.0;
						TestTargetID = 9088AABB2CC10A7500E8A9CE;
					};
				};
			};
			buildConfigurationList = 9088AAB72CC10A7500E8A9CE /* Build configuration list for PBXProject "recipe1" */;
			developmentRegion = en;
			hasScannedForEncodings = 0;
			knownRegions = (
				en,
				Base,
			);
			mainGroup = 9088AAB32CC10A7500E8A9CE;
			minimizedProjectReferenceProxies = 1;
			preferredProjectObjectVersion = 77;
			productRefGroup = 9088AABD2CC10A7500E8A9CE /* Products */;
			projectDirPath = "";
			projectRoot = "";
			targets = (
				9088AABB2CC10A7500E8A9CE /* recipe1 */,
				9088AACB2CC10A7600E8A9CE /* recipe1Tests */,
				9088AAD52CC10A7600E8A9CE /* recipe1UITests */,
			);
		};
/* End PBXProject section */

/* Begin PBXResourcesBuildPhase section */
		9088AABA2CC10A7500E8A9CE /* Resources */ = {
			isa = PBXResourcesBuildPhase;
			buildActionMask = 2147483647;
			files = (
			);
			runOnlyForDeploymentPostprocessing = 0;
		};
		9088AACA2CC10A7600E8A9CE /* Resources */ = {
			isa = PBXResourcesBuildPhase;
			buildActionMask = 2147483647;
			files = (
			);
			runOnlyForDeploymentPostprocessing = 0;
		};
		9088AAD42CC10A7600E8A9CE /* Resources */ = {
			isa = PBXResourcesBuildPhase;
			buildActionMask = 2147483647;
			files = (
			);
			runOnlyForDeploymentPostprocessing = 0;
		};
/* End PBXResourcesBuildPhase section */

/* Begin PBXSourcesBuildPhase section */
		9088AAB82CC10A7500E8A9CE /* Sources */ = {
			isa = PBXSourcesBuildPhase;
			buildActionMask = 2147483647;
			files = (
			);
			runOnlyForDeploymentPostprocessing = 0;
		};
		9088AAC82CC10A7600E8A9CE /* Sources */ = {
			isa = PBXSourcesBuildPhase;
			buildActionMask = 2147483647;
			files = (
			);
			runOnlyForDeploymentPostprocessing = 0;
		};
		9088AAD22CC10A7600E8A9CE /* Sources */ = {
			isa = PBXSourcesBuildPhase;
			buildActionMask = 2147483647;
			files = (
			);
			runOnlyForDeploymentPostprocessing = 0;
		};
/* End PBXSourcesBuildPhase section */

/* Begin PBXTargetDependency section */
		9088AACE2CC10A7600E8A9CE /* PBXTargetDependency */ = {
			isa = PBXTargetDependency;
			target = 9088AABB2CC10A7500E8A9CE /* recipe1 */;
			targetProxy = 9088AACD2CC10A7600E8A9CE /* PBXContainerItemProxy */;
		};
		9088AAD82CC10A7600E8A9CE /* PBXTargetDependency */ = {
			isa = PBXTargetDependency;
			target = 9088AABB2CC10A7500E8A9CE /* recipe1 */;
			targetProxy = 9088AAD72CC10A7600E8A9CE /* PBXContainerItemProxy */;
		};
/* End PBXTargetDependency section */

/* Begin XCBuildConfiguration section */
		9088AADE2CC10A7600E8A9CE /* Debug */ = {
			isa = XCBuildConfiguration;
			buildSettings = {
				ALWAYS_SEARCH_USER_PATHS = NO;
				ASSETCATALOG_COMPILER_GENERATE_SWIFT_ASSET_SYMBOL_EXTENSIONS = YES;
				CLANG_ANALYZER_NONNULL = YES;
				CLANG_ANALYZER_NUMBER_OBJECT_CONVERSION = YES_AGGRESSIVE;
				CLANG_CXX_LANGUAGE_STANDARD = "gnu++20";
				CLANG_ENABLE_MODULES = YES;
				CLANG_ENABLE_OBJC_ARC = YES;
				CLANG_ENABLE_OBJC_WEAK = YES;
				CLANG_WARN_BLOCK_CAPTURE_AUTORELEASING = YES;
				CLANG_WARN_BOOL_CONVERSION = YES;
				CLANG_WARN_COMMA = YES;
				CLANG_WARN_CONSTANT_CONVERSION = YES;
				CLANG_WARN_DEPRECATED_OBJC_IMPLEMENTATIONS = YES;
				CLANG_WARN_DIRECT_OBJC_ISA_USAGE = YES_ERROR;
				CLANG_WARN_DOCUMENTATION_COMMENTS = YES;
				CLANG_WARN_EMPTY_BODY = YES;
				CLANG_WARN_ENUM_CONVERSION = YES;
				CLANG_WARN_INFINITE_RECURSION = YES;
				CLANG_WARN_INT_CONVERSION = YES;
				CLANG_WARN_NON_LITERAL_NULL_CONVERSION = YES;
				CLANG_WARN_OBJC_IMPLICIT_RETAIN_SELF = YES;
				CLANG_WARN_OBJC_LITERAL_CONVERSION = YES;
				CLANG_WARN_OBJC_ROOT_CLASS = YES_ERROR;
				CLANG_WARN_QUOTED_INCLUDE_IN_FRAMEWORK_HEADER = YES;
				CLANG_WARN_RANGE_LOOP_ANALYSIS = YES;
				CLANG_WARN_STRICT_PROTOTYPES = YES;
				CLANG_WARN_SUSPICIOUS_MOVE = YES;
				CLANG_WARN_UNGUARDED_AVAILABILITY = YES_AGGRESSIVE;
				CLANG_WARN_UNREACHABLE_CODE = YES;
				CLANG_WARN__DUPLICATE_METHOD_MATCH = YES;
				COPY_PHASE_STRIP = NO;
				DEBUG_INFORMATION_FORMAT = dwarf;
				ENABLE_STRICT_OBJC_MSGSEND = YES;
				ENABLE_TESTABILITY = YES;
				ENABLE_USER_SCRIPT_SANDBOXING = YES;
				GCC_C_LANGUAGE_STANDARD = gnu17;
				GCC_DYNAMIC_NO_PIC = NO;
				GCC_NO_COMMON_BLOCKS = YES;
				GCC_OPTIMIZATION_LEVEL = 0;
				GCC_PREPROCESSOR_DEFINITIONS = (
					"DEBUG=1",
					"$(inherited)",
				);
				GCC_WARN_64_TO_32_BIT_CONVERSION = YES;
				GCC_WARN_ABOUT_RETURN_TYPE = YES_ERROR;
				GCC_WARN_UNDECLARED_SELECTOR = YES;
				GCC_WARN_UNINITIALIZED_AUTOS = YES_AGGRESSIVE;
				GCC_WARN_UNUSED_FUNCTION = YES;
				GCC_WARN_UNUSED_VARIABLE = YES;
				IPHONEOS_DEPLOYMENT_TARGET = 18.0;
				LOCALIZATION_PREFERS_STRING_CATALOGS = YES;
				MTL_ENABLE_DEBUG_INFO = INCLUDE_SOURCE;
				MTL_FAST_MATH = YES;
				ONLY_ACTIVE_ARCH = YES;
				SDKROOT = iphoneos;
				SWIFT_ACTIVE_COMPILATION_CONDITIONS = "DEBUG $(inherited)";
				SWIFT_OPTIMIZATION_LEVEL = "-Onone";
			};
			name = Debug;
		};
		9088AADF2CC10A7600E8A9CE /* Release */ = {
			isa = XCBuildConfiguration;
			buildSettings = {
				ALWAYS_SEARCH_USER_PATHS = NO;
				ASSETCATALOG_COMPILER_GENERATE_SWIFT_ASSET_SYMBOL_EXTENSIONS = YES;
				CLANG_ANALYZER_NONNULL = YES;
				CLANG_ANALYZER_NUMBER_OBJECT_CONVERSION = YES_AGGRESSIVE;
				CLANG_CXX_LANGUAGE_STANDARD = "gnu++20";
				CLANG_ENABLE_MODULES = YES;
				CLANG_ENABLE_OBJC_ARC = YES;
				CLANG_ENABLE_OBJC_WEAK = YES;
				CLANG_WARN_BLOCK_CAPTURE_AUTORELEASING = YES;
				CLANG_WARN_BOOL_CONVERSION = YES;
				CLANG_WARN_COMMA = YES;
				CLANG_WARN_CONSTANT_CONVERSION = YES;
				CLANG_WARN_DEPRECATED_OBJC_IMPLEMENTATIONS = YES;
				CLANG_WARN_DIRECT_OBJC_ISA_USAGE = YES_ERROR;
				CLANG_WARN_DOCUMENTATION_COMMENTS = YES;
				CLANG_WARN_EMPTY_BODY = YES;
				CLANG_WARN_ENUM_CONVERSION = YES;
				CLANG_WARN_INFINITE_RECURSION = YES;
				CLANG_WARN_INT_CONVERSION = YES;
				CLANG_WARN_NON_LITERAL_NULL_CONVERSION = YES;
				CLANG_WARN_OBJC_IMPLICIT_RETAIN_SELF = YES;
				CLANG_WARN_OBJC_LITERAL_CONVERSION = YES;
				CLANG_WARN_OBJC_ROOT_CLASS = YES_ERROR;
				CLANG_WARN_QUOTED_INCLUDE_IN_FRAMEWORK_HEADER = YES;
				CLANG_WARN_RANGE_LOOP_ANALYSIS = YES;
				CLANG_WARN_STRICT_PROTOTYPES = YES;
				CLANG_WARN_SUSPICIOUS_MOVE = YES;
				CLANG_WARN_UNGUARDED_AVAILABILITY = YES_AGGRESSIVE;
				CLANG_WARN_UNREACHABLE_CODE = YES;
				CLANG_WARN__DUPLICATE_METHOD_MATCH = YES;
				COPY_PHASE_STRIP = NO;
				DEBUG_INFORMATION_FORMAT = "dwarf-with-dsym";
				ENABLE_NS_ASSERTIONS = NO;
				ENABLE_STRICT_OBJC_MSGSEND = YES;
				ENABLE_USER_SCRIPT_SANDBOXING = YES;
				GCC_C_LANGUAGE_STANDARD = gnu17;
				GCC_NO_COMMON_BLOCKS = YES;
				GCC_WARN_64_TO_32_BIT_CONVERSION = YES;
				GCC_WARN_ABOUT_RETURN_TYPE = YES_ERROR;
				GCC_WARN_UNDECLARED_SELECTOR = YES;
				GCC_WARN_UNINITIALIZED_AUTOS = YES_AGGRESSIVE;
				GCC_WARN_UNUSED_FUNCTION = YES;
				GCC_WARN_UNUSED_VARIABLE = YES;
				IPHONEOS_DEPLOYMENT_TARGET = 18.0;
				LOCALIZATION_PREFERS_STRING_CATALOGS = YES;
				MTL_ENABLE_DEBUG_INFO = NO;
				MTL_FAST_MATH = YES;
				SDKROOT = iphoneos;
				SWIFT_COMPILATION_MODE = wholemodule;
				VALIDATE_PRODUCT = YES;
			};
			name = Release;
		};
		9088AAE12CC10A7600E8A9CE /* Debug */ = {
			isa = XCBuildConfiguration;
			buildSettings = {
				ASSETCATALOG_COMPILER_APPICON_NAME = AppIcon;
				ASSETCATALOG_COMPILER_GLOBAL_ACCENT_COLOR_NAME = AccentColor;
				CODE_SIGN_STYLE = Automatic;
				CURRENT_PROJECT_VERSION = 1;
				DEVELOPMENT_ASSET_PATHS = "\"recipe1/Preview Content\"";
				ENABLE_PREVIEWS = YES;
				GENERATE_INFOPLIST_FILE = YES;
				INFOPLIST_KEY_UIApplicationSceneManifest_Generation = YES;
				INFOPLIST_KEY_UIApplicationSupportsIndirectInputEvents = YES;
				INFOPLIST_KEY_UILaunchScreen_Generation = YES;
				INFOPLIST_KEY_UISupportedInterfaceOrientations_iPad = "UIInterfaceOrientationPortrait UIInterfaceOrientationPortraitUpsideDown UIInterfaceOrientationLandscapeLeft UIInterfaceOrientationLandscapeRight";
				INFOPLIST_KEY_UISupportedInterfaceOrientations_iPhone = "UIInterfaceOrientationPortrait UIInterfaceOrientationLandscapeLeft UIInterfaceOrientationLandscapeRight";
				LD_RUNPATH_SEARCH_PATHS = (
					"$(inherited)",
					"@executable_path/Frameworks",
				);
				MARKETING_VERSION = 1.0;
				PRODUCT_BUNDLE_IDENTIFIER = com.raghad.recipe1;
				PRODUCT_NAME = "$(TARGET_NAME)";
				SWIFT_EMIT_LOC_STRINGS = YES;
				SWIFT_VERSION = 5.0;
				TARGETED_DEVICE_FAMILY = "1,2";
			};
			name = Debug;
		};
		9088AAE22CC10A7600E8A9CE /* Release */ = {
			isa = XCBuildConfiguration;
			buildSettings = {
				ASSETCATALOG_COMPILER_APPICON_NAME = AppIcon;
				ASSETCATALOG_COMPILER_GLOBAL_ACCENT_COLOR_NAME = AccentColor;
				CODE_SIGN_STYLE = Automatic;
				CURRENT_PROJECT_VERSION = 1;
				DEVELOPMENT_ASSET_PATHS = "\"recipe1/Preview Content\"";
				ENABLE_PREVIEWS = YES;
				GENERATE_INFOPLIST_FILE = YES;
				INFOPLIST_KEY_UIApplicationSceneManifest_Generation = YES;
				INFOPLIST_KEY_UIApplicationSupportsIndirectInputEvents = YES;
				INFOPLIST_KEY_UILaunchScreen_Generation = YES;
				INFOPLIST_KEY_UISupportedInterfaceOrientations_iPad = "UIInterfaceOrientationPortrait UIInterfaceOrientationPortraitUpsideDown UIInterfaceOrientationLandscapeLeft UIInterfaceOrientationLandscapeRight";
				INFOPLIST_KEY_UISupportedInterfaceOrientations_iPhone = "UIInterfaceOrientationPortrait UIInterfaceOrientationLandscapeLeft UIInterfaceOrientationLandscapeRight";
				LD_RUNPATH_SEARCH_PATHS = (
					"$(inherited)",
					"@executable_path/Frameworks",
				);
				MARKETING_VERSION = 1.0;
				PRODUCT_BUNDLE_IDENTIFIER = com.raghad.recipe1;
				PRODUCT_NAME = "$(TARGET_NAME)";
				SWIFT_EMIT_LOC_STRINGS = YES;
				SWIFT_VERSION = 5.0;
				TARGETED_DEVICE_FAMILY = "1,2";
			};
			name = Release;
		};
		9088AAE42CC10A7600E8A9CE /* Debug */ = {
			isa = XCBuildConfiguration;
			buildSettings = {
				BUNDLE_LOADER = "$(TEST_HOST)";
				CODE_SIGN_STYLE = Automatic;
				CURRENT_PROJECT_VERSION = 1;
				GENERATE_INFOPLIST_FILE = YES;
				IPHONEOS_DEPLOYMENT_TARGET = 18.0;
				MARKETING_VERSION = 1.0;
				PRODUCT_BUNDLE_IDENTIFIER = com.raghad.recipe1Tests;
				PRODUCT_NAME = "$(TARGET_NAME)";
				SWIFT_EMIT_LOC_STRINGS = NO;
				SWIFT_VERSION = 5.0;
				TARGETED_DEVICE_FAMILY = "1,2";
				TEST_HOST = "$(BUILT_PRODUCTS_DIR)/recipe1.app/$(BUNDLE_EXECUTABLE_FOLDER_PATH)/recipe1";
			};
			name = Debug;
		};
		9088AAE52CC10A7600E8A9CE /* Release */ = {
			isa = XCBuildConfiguration;
			buildSettings = {
				BUNDLE_LOADER = "$(TEST_HOST)";
				CODE_SIGN_STYLE = Automatic;
				CURRENT_PROJECT_VERSION = 1;
				GENERATE_INFOPLIST_FILE = YES;
				IPHONEOS_DEPLOYMENT_TARGET = 18.0;
				MARKETING_VERSION = 1.0;
				PRODUCT_BUNDLE_IDENTIFIER = com.raghad.recipe1Tests;
				PRODUCT_NAME = "$(TARGET_NAME)";
				SWIFT_EMIT_LOC_STRINGS = NO;
				SWIFT_VERSION = 5.0;
				TARGETED_DEVICE_FAMILY = "1,2";
				TEST_HOST = "$(BUILT_PRODUCTS_DIR)/recipe1.app/$(BUNDLE_EXECUTABLE_FOLDER_PATH)/recipe1";
			};
			name = Release;
		};
		9088AAE72CC10A7600E8A9CE /* Debug */ = {
			isa = XCBuildConfiguration;
			buildSettings = {
				CODE_SIGN_STYLE = Automatic;
				CURRENT_PROJECT_VERSION = 1;
				GENERATE_INFOPLIST_FILE = YES;
				MARKETING_VERSION = 1.0;
				PRODUCT_BUNDLE_IDENTIFIER = com.raghad.recipe1UITests;
				PRODUCT_NAME = "$(TARGET_NAME)";
				SWIFT_EMIT_LOC_STRINGS = NO;
				SWIFT_VERSION = 5.0;
				TARGETED_DEVICE_FAMILY = "1,2";
				TEST_TARGET_NAME = recipe1;
			};
			name = Debug;
		};
		9088AAE82CC10A7600E8A9CE /* Release */ = {
			isa = XCBuildConfiguration;
			buildSettings = {
				CODE_SIGN_STYLE = Automatic;
				CURRENT_PROJECT_VERSION = 1;
				GENERATE_INFOPLIST_FILE = YES;
				MARKETING_VERSION = 1.0;
				PRODUCT_BUNDLE_IDENTIFIER = com.raghad.recipe1UITests;
				PRODUCT_NAME = "$(TARGET_NAME)";
				SWIFT_EMIT_LOC_STRINGS = NO;
				SWIFT_VERSION = 5.0;
				TARGETED_DEVICE_FAMILY = "1,2";
				TEST_TARGET_NAME = recipe1;
			};
			name = Release;
		};
/* End XCBuildConfiguration section */

/* Begin XCConfigurationList section */
		9088AAB72CC10A7500E8A9CE /* Build configuration list for PBXProject "recipe1" */ = {
			isa = XCConfigurationList;
			buildConfigurations = (
				9088AADE2CC10A7600E8A9CE /* Debug */,
				9088AADF2CC10A7600E8A9CE /* Release */,
			);
			defaultConfigurationIsVisible = 0;
			defaultConfigurationName = Release;
		};
		9088AAE02CC10A7600E8A9CE /* Build configuration list for PBXNativeTarget "recipe1" */ = {
			isa = XCConfigurationList;
			buildConfigurations = (
				9088AAE12CC10A7600E8A9CE /* Debug */,
				9088AAE22CC10A7600E8A9CE /* Release */,
			);
			defaultConfigurationIsVisible = 0;
			defaultConfigurationName = Release;
		};
		9088AAE32CC10A7600E8A9CE /* Build configuration list for PBXNativeTarget "recipe1Tests" */ = {
			isa = XCConfigurationList;
			buildConfigurations = (
				9088AAE42CC10A7600E8A9CE /* Debug */,
				9088AAE52CC10A7600E8A9CE /* Release */,
			);
			defaultConfigurationIsVisible = 0;
			defaultConfigurationName = Release;
		};
		9088AAE62CC10A7600E8A9CE /* Build configuration list for PBXNativeTarget "recipe1UITests" */ = {
			isa = XCConfigurationList;
			buildConfigurations = (
				9088AAE72CC10A7600E8A9CE /* Debug */,
				9088AAE82CC10A7600E8A9CE /* Release */,
			);
			defaultConfigurationIsVisible = 0;
			defaultConfigurationName = Release;
		};
/* End XCConfigurationList section */
	};
	rootObject = 9088AAB42CC10A7500E8A9CE /* Project object */;
}
